github.com/davecgh/go-spew v1.1.1 h1:vj9j/u1bqnvCEfJOwUhtlOARqs3+rkHYY13jYWTU97c=
github.com/davecgh/go-spew v1.1.1/go.mod h1:J7Y8YcW2NihsgmVo/mv3lAwl/skON4iLHjSsI+c5H38=
github.com/docopt/docopt-go v0.0.0-20180111231733-ee0de3bc6815 h1:bWDMxwH3px2JBh6AyO7hdCn/PkvCZXii8TGj7sbtEbQ=
github.com/docopt/docopt-go v0.0.0-20180111231733-ee0de3bc6815/go.mod h1:WwZ+bS3ebgob9U8Nd0kOddGdZWjyMGR8Wziv+TBNwSE=
github.com/pmezard/go-difflib v1.0.0 h1:4DBwDE0NGyQoBHbLQYPwSUPoCMWR5BEzIk/f1lZbAQM=
github.com/pmezard/go-difflib v1.0.0/go.mod h1:iKH77koFhYxTK1pcRnkKkqfTogsbg7gZNVY4sRDYZ/4=
github.com/rhysd/abspath v0.0.0-20200817132137-9532ba017882 h1:dy3Z0t7VxcGJjmLnOdUGsZqvfe8EQaUe7TsXHXOpFT8=
github.com/rhysd/abspath v0.0.0-20200817132137-9532ba017882/go.mod h1:6lJvAsQlC7HHuw+YVkjhw+X12knsftTV2IO8AyTvC7I=
github.com/stretchr/testify v1.7.5 h1:s5PTfem8p8EbKQOctVV53k6jCJt3UX4IEJzwh+C324Q=
github.com/westarver/configure v0.0.0-20220701001312-5caeb8e5d0e9 h1:aGzyFSfH38z3eF2GnqUs1Bo2bFtXVuwX60eRbrPCRdA=
github.com/westarver/configure v0.0.0-20220701001312-5caeb8e5d0e9/go.mod h1:tQHWSvk6fSWc418D2xRxt3gZOwVByn39gxY6MIY2vj0=
github.com/westarver/helper v0.0.0-20220701001229-9e38c3095fb5 h1:fV/YW7HcGiOhlJZLiQe4VeA7Xqqjn6d+pnfx9jUTQyg=
github.com/westarver/helper v0.0.0-20220701001229-9e38c3095fb5/go.mod h1:7Ye304RBMeoETu0t3UDbnyMLxuI5YKBl17FZf6vpgDA=
github.com/westarver/messenger v0.0.0-20220701000639-879643136c65 h1:WhGcdGCsq+bgAJSrj/iR4ixDK+Z69ZL7qRpE4/GfxaY=
github.com/westarver/messenger v0.0.0-20220701000639-879643136c65/go.mod h1:tvA5yMHUJpyVj4LYLqoyRKvzaY3kLkc21Cpkoi6GBkg=
golang.org/x/text v0.3.7 h1:olpwvP2KacW1ZWvsR7uQhoyTYvKAupfQrRGBFM352Gk=
golang.org/x/text v0.3.7/go.mod h1:u+2+/6zg+i71rQMx5EYifcz6MCKuco9NR6JIITiCfzQ=
gopkg.in/check.v1 v0.0.0-20161208181325-20d25e280405/go.mod h1:Co6ibVJAznAaIkqp8huTwlJQCZ016jof/cbN4VW5Yz0=
gopkg.in/ini.v1 v1.66.6 h1:LATuAqN/shcYAOkv3wl2L4rkaKqkcgTBQjOyYDvcPKI=
gopkg.in/ini.v1 v1.66.6/go.mod h1:pNLf8WUiyNEtQjuu5G5vTm06TEv9tsIgeAvK8hOrP4k=
gopkg.in/yaml.v3 v3.0.1 h1:fxVm/GzAzEWqLHuvctI91KS9hhNmmWOoWu0XTYJS7CA=
gopkg.in/yaml.v3 v3.0.1/go.mod h1:K4uyk7z7BCEPqu6E+C64Yfv1cQ7kz7rIZviUmN+EgEM=
