github.com/rhysd/abspath v0.0.0-20200817132137-9532ba017882 h1:dy3Z0t7VxcGJjmLnOdUGsZqvfe8EQaUe7TsXHXOpFT8=
github.com/rhysd/abspath v0.0.0-20200817132137-9532ba017882/go.mod h1:6lJvAsQlC7HHuw+YVkjhw+X12knsftTV2IO8AyTvC7I=
github.com/westarver/boa v0.0.0-20220816192128-fe3334bce7b1 h1:LxwniPH0WJwpYawp5mbhnsWgNkj+FBR+urSmPesrFTw=
github.com/westarver/boa v0.0.0-20220816192128-fe3334bce7b1/go.mod h1:2MksnZst5sz6lNV/GxMqBRDe/D/cHBSD1yTTVsKQ8bA=
github.com/westarver/helper v0.0.0-20220801160916-316c8c0df1a6 h1:SnFKDjuL0IsFKW4NA8HDoLE3WqzDxIjJw8poxJrDQ8c=
github.com/westarver/helper v0.0.0-20220801160916-316c8c0df1a6/go.mod h1:oLPw43+DIOK1Alort4GbSTLkYOwZ9tWi5QYtLM20vIc=
github.com/westarver/messenger v0.0.0-20220701000639-879643136c65 h1:WhGcdGCsq+bgAJSrj/iR4ixDK+Z69ZL7qRpE4/GfxaY=
github.com/westarver/messenger v0.0.0-20220701000639-879643136c65/go.mod h1:tvA5yMHUJpyVj4LYLqoyRKvzaY3kLkc21Cpkoi6GBkg=
github.com/westarver/tracer v0.0.0-20220701000543-23a9c7e36ece h1:+6LH4oICJJsyiY71+0a++iv1dsjbhcpB6Qe6qdkuDoQ=
github.com/westarver/tracer v0.0.0-20220701000543-23a9c7e36ece/go.mod h1:WMwNRet12riJL6soCMSUZi5hNPcde64BkTFuzbZmNmg=
golang.org/x/text v0.3.7 h1:olpwvP2KacW1ZWvsR7uQhoyTYvKAupfQrRGBFM352Gk=
golang.org/x/text v0.3.7/go.mod h1:u+2+/6zg+i71rQMx5EYifcz6MCKuco9NR6JIITiCfzQ=
